
Microsoft Visual Studio Solution File, Format Version 12.00
# Visual Studio Version 17
VisualStudioVersion = 17.0.31903.59
MinimumVisualStudioVersion = 10.0.40219.1
Project("{2150E333-8FDC-42A3-9474-1A3956D46DE8}") = "src", "src", "{2EFA6283-1DD3-41BA-A353-58FEFE26D984}"
EndProject
Project("{9A19103F-16F7-4668-BE54-9A1E7A4F7556}") = "Handson.Application", "src\Handson.Application\Handson.Application.csproj", "{39A682A9-9F9B-46E4-914F-B40FF89D77C6}"
EndProject
Project("{9A19103F-16F7-4668-BE54-9A1E7A4F7556}") = "Handson.Domain", "src\Handson.Domain\Handson.Domain.csproj", "{A96680A0-EAED-4467-9454-F08FE7CF176B}"
EndProject
Project("{9A19103F-16F7-4668-BE54-9A1E7A4F7556}") = "Handson.Shared", "src\Handson.Shared\Handson.Shared.csproj", "{69221DFF-193A-47B9-9D9D-647A80CAD996}"
EndProject
Global
	GlobalSection(SolutionConfigurationPlatforms) = preSolution
		Debug|Any CPU = Debug|Any CPU
		Release|Any CPU = Release|Any CPU
	EndGlobalSection
	GlobalSection(ProjectConfigurationPlatforms) = postSolution
		{39A682A9-9F9B-46E4-914F-B40FF89D77C6}.Debug|Any CPU.ActiveCfg = Debug|Any CPU
		{39A682A9-9F9B-46E4-914F-B40FF89D77C6}.Debug|Any CPU.Build.0 = Debug|Any CPU
		{39A682A9-9F9B-46E4-914F-B40FF89D77C6}.Release|Any CPU.ActiveCfg = Release|Any CPU
		{39A682A9-9F9B-46E4-914F-B40FF89D77C6}.Release|Any CPU.Build.0 = Release|Any CPU
		{A96680A0-EAED-4467-9454-F08FE7CF176B}.Debug|Any CPU.ActiveCfg = Debug|Any CPU
		{A96680A0-EAED-4467-9454-F08FE7CF176B}.Debug|Any CPU.Build.0 = Debug|Any CPU
		{A96680A0-EAED-4467-9454-F08FE7CF176B}.Release|Any CPU.ActiveCfg = Release|Any CPU
		{A96680A0-EAED-4467-9454-F08FE7CF176B}.Release|Any CPU.Build.0 = Release|Any CPU
		{69221DFF-193A-47B9-9D9D-647A80CAD996}.Debug|Any CPU.ActiveCfg = Debug|Any CPU
		{69221DFF-193A-47B9-9D9D-647A80CAD996}.Debug|Any CPU.Build.0 = Debug|Any CPU
		{69221DFF-193A-47B9-9D9D-647A80CAD996}.Release|Any CPU.ActiveCfg = Release|Any CPU
		{69221DFF-193A-47B9-9D9D-647A80CAD996}.Release|Any CPU.Build.0 = Release|Any CPU
	EndGlobalSection
	GlobalSection(SolutionProperties) = preSolution
		HideSolutionNode = FALSE
	EndGlobalSection
	GlobalSection(NestedProjects) = preSolution
		{39A682A9-9F9B-46E4-914F-B40FF89D77C6} = {2EFA6283-1DD3-41BA-A353-58FEFE26D984}
		{A96680A0-EAED-4467-9454-F08FE7CF176B} = {2EFA6283-1DD3-41BA-A353-58FEFE26D984}
		{69221DFF-193A-47B9-9D9D-647A80CAD996} = {2EFA6283-1DD3-41BA-A353-58FEFE26D984}
	EndGlobalSection
EndGlobal
